{
  "version": 1,
  "dependencies": {
    ".NETCoreApp,Version=v5.0": {
      "bootstrap": {
        "type": "Direct",
        "requested": "[3.4.1, )",
        "resolved": "3.4.1",
        "contentHash": "rnqnZV4sFAgB240hnLRwqoUaV2DfzrYsc6PbsYzRTObrrucLZyvb+8F1yTVT1sDbXMi/NXlyRmiL6wF+d4ZJMA==",
        "dependencies": {
          "jQuery": "[1.9.1, 4.0.0)"
        }
      },
      "BuildBundlerMinifier": {
        "type": "Direct",
        "requested": "[3.2.449, )",
        "resolved": "3.2.449",
        "contentHash": "uA9sYDy4VepL3xwzBTLcP2LyuVYMt0ZIT3gaSiXvGoX15Ob+rOP+hGydhevlSVd+rFo+Y+VQFEHDuWU8HBW+XA=="
      },
      "EntityFramework": {
        "type": "Direct",
        "requested": "[6.4.4, )",
        "resolved": "6.4.4",
        "contentHash": "yj1+/4tci7Panu3jKDHYizxwVm0Jvm7b7m057b5h4u8NUHGCR8WIWirBTw+8EptRffwftIWPBeIRGNKD1ewEMQ==",
        "dependencies": {
          "Microsoft.CSharp": "4.7.0",
          "System.CodeDom": "4.7.0",
          "System.ComponentModel.Annotations": "4.7.0",
          "System.Configuration.ConfigurationManager": "4.7.0",
          "System.Data.SqlClient": "4.8.1"
        }
      },
      "Google.Cloud.Diagnostics.AspNetCore": {
        "type": "Direct",
        "requested": "[4.2.0, )",
        "resolved": "4.2.0",
        "contentHash": "jj/s1xQg4ra7VrQbWww+oTmAVXCGkog1j3vzUb8vDaSgX5zRKcbxljBNMASyQ03QYcwSpsgbWiGBzdEIpENwCg==",
        "dependencies": {
          "Google.Cloud.Diagnostics.Common": "4.2.0",
          "Grpc.Core": "[2.31.0, 3.0.0)",
          "Microsoft.AspNetCore.Hosting.Abstractions": "2.1.1",
          "Microsoft.AspNetCore.Http": "2.1.1",
          "Microsoft.AspNetCore.Http.Extensions": "2.1.1"
        }
      },
      "Grpc.AspNetCore": {
        "type": "Direct",
        "requested": "[2.32.0, )",
        "resolved": "2.32.0",
        "contentHash": "zagGlzqaSBTNYXOruEDjL/ka39EI6wB+4PFIwyipnAroBKZ10FNm8QNRGZhFJNGjJmfPTFbOP/NAkN/BAcOYjg==",
        "dependencies": {
          "Google.Protobuf": "3.13.0",
          "Grpc.AspNetCore.Server.ClientFactory": "2.32.0",
          "Grpc.Tools": "2.32.0"
        }
      },
      "jQuery": {
        "type": "Direct",
        "requested": "[3.7.0, )",
        "resolved": "3.7.0",
        "contentHash": "Ao474k6pawdNMzmcObA8GtsqUg9vAMHhDsDEs5TZEc4nTy2vtv8wsBI2c4OyR1OEyNUJG3O2AvGZZlXmRLpoZg=="
      },
      "jQuery.Validation": {
        "type": "Direct",
        "requested": "[1.19.5, )",
        "resolved": "1.19.5",
        "contentHash": "lBHoaszLpKYxiVCWwIoxdqSCrlqnW9jeVMinMQ0uNMFcl3rmY8XyeaerfGLRbkVRUzh/fM3APaKepEezrR5AcA==",
        "dependencies": {
          "jQuery": "1.4.4"
        }
      },
      "Microsoft.AspNetCore.Mvc.NewtonsoftJson": {
        "type": "Direct",
        "requested": "[5.0.5, )",
        "resolved": "5.0.5",
        "contentHash": "3Vd2hbJwrHFOk6dYpqFQ10BBLeJvMPmbx3hxqH5erxSlvFOufnq3C9Nnz+hPpaqazRAQcOgkAWGvBsB3AM2XlQ==",
        "dependencies": {
          "Microsoft.AspNetCore.JsonPatch": "5.0.5",
          "Newtonsoft.Json": "12.0.2",
          "Newtonsoft.Json.Bson": "1.0.2"
        }
      },
      "Microsoft.DotNet.UpgradeAssistant.Extensions.Default.Analyzers": {
        "type": "Direct",
        "requested": "[0.2.222702, )",
        "resolved": "0.2.222702",
        "contentHash": "oeJ737UBZ3/ciSq4nFeUAMqWrHC8f8/jBwq+uKWPcdsTHdRQkDV+/JGcoeFE3wh39XA5PEknO9U141KoLvcg9w=="
      },
      "Microsoft.jQuery.Unobtrusive.Validation": {
        "type": "Direct",
        "requested": "[3.2.0, )",
        "resolved": "3.2.0",
        "contentHash": "3mRdEtWHrkCwy1mnvwrEPqataiSLJI34RTebgQHm33+RgZfbdaNjlDIr0FyTqlUs+Xkq5cAHxcwnLdBROl96Ew==",
        "dependencies": {
          "jQuery": "1.8.0",
          "jQuery.Validation": "1.8.0"
        }
      },
      "Modernizr": {
        "type": "Direct",
        "requested": "[2.6.2, )",
        "resolved": "2.6.2",
        "contentHash": "3KcdGI/xNPSCqwazIlh+W9TFK9WH0v++qj6L2UXNAjt8FrXIz8QKR51XIzJwdIUVCOp8asdbyGaCcXTCT6ppFg=="
      },
      "PagedList.Core.Mvc": {
        "type": "Direct",
        "requested": "[3.0.0, )",
        "resolved": "3.0.0",
        "contentHash": "cfMopTUyfyDcZ/HL58w9DWmlb6M9yYYaJ0i3c1j8bGeZCHRyfX3Y5rDnPa1olFdqJmh8sRIx2aKMczGe++E9sA==",
        "dependencies": {
          "PagedList.Core": "1.17.4"
        }
      },
      "Respond": {
        "type": "Direct",
        "requested": "[1.2.0, )",
        "resolved": "1.2.0",
        "contentHash": "n/EC7jh1JBc5iE7TAmyFvrziR5Lir2TG0J0ipq4NSe//7Ih0rbMS2qmodIXkAFDf6oQZkYARLa5re9dSDb3gHQ=="
      },
      "System.ComponentModel.Annotations": {
        "type": "Direct",
        "requested": "[5.0.0, )",
        "resolved": "5.0.0",
        "contentHash": "dMkqfy2el8A8/I76n2Hi1oBFEbG1SfxD2l5nhwXV3XjlnOmwxJlQbYpJH4W51odnU9sARCSAgv7S3CyAFMkpYg=="
      },
      "System.Configuration.ConfigurationManager": {
        "type": "Direct",
        "requested": "[5.0.0, )",
        "resolved": "5.0.0",
        "contentHash": "aM7cbfEfVNlEEOj3DsZP+2g9NRwbkyiAv2isQEzw7pnkDg9ekCU2m1cdJLM02Uq691OaCS91tooaxcEn8d0q5w==",
        "dependencies": {
          "System.Security.Cryptography.ProtectedData": "5.0.0",
          "System.Security.Permissions": "5.0.0"
        }
      },
      "System.Data.DataSetExtensions": {
        "type": "Direct",
        "requested": "[4.5.0, )",
        "resolved": "4.5.0",
        "contentHash": "221clPs1445HkTBZPL+K9sDBdJRB8UN8rgjO3ztB0CQ26z//fmJXtlsr6whGatscsKGBrhJl5bwJuKSA8mwFOw=="
      },
      "Google.Api.CommonProtos": {
        "type": "Transitive",
        "resolved": "2.2.0",
        "contentHash": "mxXNYkHYL7T6NG8cdbodxpixQZfpozBkZj2g+jGCB/sO13RqfUvh9YHd8G2QI5HP24brl+nILJReC3/gzgsrrg==",
        "dependencies": {
          "Google.Protobuf": "[3.13.0, 4.0.0)"
        }
      },
      "Google.Api.Gax": {
        "type": "Transitive",
        "resolved": "3.2.0",
        "contentHash": "0OjahFAHTOoprSgvJiQ6/fIQLrUYU4QIFgkuJ51/lcmhZbuXxB3ycPk3JTVEvx6A5yQBL14wgmHgwXLcEsnu3Q==",
        "dependencies": {
          "Microsoft.Bcl.AsyncInterfaces": "1.0.0",
          "Newtonsoft.Json": "12.0.3"
        }
      },
      "Google.Api.Gax.Grpc": {
        "type": "Transitive",
        "resolved": "3.2.0",
        "contentHash": "MIlqV7r15flWII7ggwyoswxOSY7VB8erPPCcEJmtq5O9Jzfj6/6jr4V9gyZ3Pdfv00p+bR3nvnKE6WnQ9T+0Fg==",
        "dependencies": {
          "Google.Api.CommonProtos": "2.2.0",
          "Google.Api.Gax": "3.2.0",
          "Google.Apis.Auth": "[1.48.0, 2.0.0)",
          "Grpc.Auth": "[2.31.0, 3.0.0)",
          "Grpc.Core.Api": "[2.31.0, 3.0.0)"
        }
      },
      "Google.Api.Gax.Grpc.GrpcCore": {
        "type": "Transitive",
        "resolved": "3.2.0",
        "contentHash": "qufmaEuyvX1LsuYZv69LAhfDCUmO6frCFRyz9Y2C5W8Lt5Wnv1qtWqEv7c3IZT50rmj5yUOXVnPvBz2uzHhGqg==",
        "dependencies": {
          "Google.Api.Gax.Grpc": "3.2.0",
          "Grpc.Core": "[2.31.0, 3.0.0)"
        }
      },
      "Google.Apis": {
        "type": "Transitive",
        "resolved": "1.48.0",
        "contentHash": "wnZJKPM7blcDzfTyMQ6kHvvDkd89a3C8m8uzTIJ8vrOdRqSAwHDE9nhht6GtcPe+sSfpuav0dX4RFAz2pKzp8w==",
        "dependencies": {
          "Google.Apis.Core": "1.48.0"
        }
      },
      "Google.Apis.Auth": {
        "type": "Transitive",
        "resolved": "1.48.0",
        "contentHash": "OwBOJLMr/4WH3svpoYjOhPu+GYN1N3sEsllBbMHxLYpfCKP13XheifjSnClzXnHuY19tDfN6aEwHpPv5jkG88Q==",
        "dependencies": {
          "Google.Apis": "1.48.0",
          "Google.Apis.Core": "1.48.0"
        }
      },
      "Google.Apis.Core": {
        "type": "Transitive",
        "resolved": "1.48.0",
        "contentHash": "DJ/2eNBneeqEJuTO0ZPNON9DdDMS2JXcHiszZ86MUNqPtQGhB3xbZoGg1p0sOfvGpyyoqsIMNeJXdSWUHB4E5g==",
        "dependencies": {
          "Newtonsoft.Json": "12.0.3"
        }
      },
      "Google.Cloud.Diagnostics.Common": {
        "type": "Transitive",
        "resolved": "4.2.0",
        "contentHash": "5/pVipPOYzrtsUmaCxfKZMH0p94Pv6cKJcpkRETI1H1uYg1VXEmIcLre2qxhImDsA0tRUmvj+/J3X3Y4j0VNGw==",
        "dependencies": {
          "Google.Api.Gax.Grpc.GrpcCore": "[3.2.0, 4.0.0)",
          "Google.Cloud.Logging.V2": "[3.2.0, 4.0.0)",
          "Google.Cloud.Trace.V1": "[2.1.0, 3.0.0)",
          "Microsoft.Extensions.Http": "2.1.1",
          "System.Diagnostics.StackTrace": "4.3.0"
        }
      },
      "Google.Cloud.Logging.Type": {
        "type": "Transitive",
        "resolved": "3.2.0",
        "contentHash": "76aArPTRxrmMY+zqktlNqx0fgGMB+MhvUYGRoHgRXxMlDXSJSVWhT7jizlOGTif48S2AapDo4pY5fH2z8zusDg==",
        "dependencies": {
          "Google.Api.CommonProtos": "[2.2.0, 3.0.0)"
        }
      },
      "Google.Cloud.Logging.V2": {
        "type": "Transitive",
        "resolved": "3.2.0",
        "contentHash": "4zm7jdx41cHvno8BG2/3jXUVIM2J8/vnA0LFczaA2AsxLaf5yvGaNtpz0IHpkos/Bp6B4r8RoGJkyWBV6MPWzQ==",
        "dependencies": {
          "Google.Api.Gax.Grpc.GrpcCore": "[3.2.0, 4.0.0)",
          "Google.Cloud.Logging.Type": "[3.2.0, 4.0.0)",
          "Grpc.Core": "[2.31.0, 3.0.0)"
        }
      },
      "Google.Cloud.Trace.V1": {
        "type": "Transitive",
        "resolved": "2.1.0",
        "contentHash": "0lZoxRGoIMUw8ML8LLTmqzBKyxK1TkEJp+7JZiOXGjmn2kFUwPxdjVPdoYLRR2MMQqCId/WcSRg1fdvejFo1HQ==",
        "dependencies": {
          "Google.Api.Gax.Grpc.GrpcCore": "[3.2.0, 4.0.0)",
          "Grpc.Core": "[2.31.0, 3.0.0)"
        }
      },
      "Google.Protobuf": {
        "type": "Transitive",
        "resolved": "3.13.0",
        "contentHash": "/6VgKCh0P59x/rYsBkCvkUanF0TeUYzwV9hzLIWgt23QRBaKHoxaaMkidEWhKibLR88c3PVCXyyrx9Xlb+Ne6w==",
        "dependencies": {
          "System.Memory": "4.5.2",
          "System.Runtime.CompilerServices.Unsafe": "4.5.2"
        }
      },
      "Grpc.AspNetCore.Server": {
        "type": "Transitive",
        "resolved": "2.32.0",
        "contentHash": "MqACagn1vkqVMdSqlPlVRWvKVtoNJIMETaKrJQN0nH3dpgKHiBxOw4IQGmBZV84+M05kaVFL+BambRCYUJ3Pug==",
        "dependencies": {
          "Grpc.Net.Common": "2.32.0"
        }
      },
      "Grpc.AspNetCore.Server.ClientFactory": {
        "type": "Transitive",
        "resolved": "2.32.0",
        "contentHash": "blc2JYWdXY88nMHqu9ctm50Gfp9o50rw5zK+CwqbPA/BXiAisW3Pylnp9CanK9f/vOLESI5yhmK+eI67nD64pQ==",
        "dependencies": {
          "Grpc.AspNetCore.Server": "2.32.0",
          "Grpc.Net.ClientFactory": "2.32.0"
        }
      },
      "Grpc.Auth": {
        "type": "Transitive",
        "resolved": "2.31.0",
        "contentHash": "UOjyRQiESQ/CdiEhgXBEVIwZcdQtPgCLGAdEMj320Nq2PpJok7kKDP3PtFjnnDpyNEBZG4ZJPbOSpUt0lL1p3g==",
        "dependencies": {
          "Google.Apis.Auth": "1.46.0",
          "Grpc.Core.Api": "2.31.0"
        }
      },
      "Grpc.Core": {
        "type": "Transitive",
        "resolved": "2.31.0",
        "contentHash": "OYkkF9nzI0a20D4RmE21wfIMiwNuMm9ep6iwSNapjg2xKIswchxDudB3M1o8QxRfht3v23vQNVnABuP28XKDfA==",
        "dependencies": {
          "Grpc.Core.Api": "2.31.0",
          "System.Memory": "4.5.3"
        }
      },
      "Grpc.Core.Api": {
        "type": "Transitive",
        "resolved": "2.32.0",
        "contentHash": "t9H6P/oYA4ZQI4fWq4eEwq2GmMNqmOSRfz5+YIat7pQuFmz1hRC2Vq/fL9ZVV1mjd5kHqBlhupMdlsBOsaxeEw==",
        "dependencies": {
          "System.Memory": "4.5.3"
        }
      },
      "Grpc.Net.Client": {
        "type": "Transitive",
        "resolved": "2.32.0",
        "contentHash": "T4lKl51ahaSprLcgoZvgn8zYwh834DpaPnrDs6jBRdipL2NHIAC0rPeE7UyzDp/lzv4Xll2tw1u65Fg9ckvErg==",
        "dependencies": {
          "Grpc.Net.Common": "2.32.0",
          "Microsoft.Extensions.Logging.Abstractions": "3.0.3",
          "System.Diagnostics.DiagnosticSource": "4.5.1"
        }
      },
      "Grpc.Net.ClientFactory": {
        "type": "Transitive",
        "resolved": "2.32.0",
        "contentHash": "ixqSWxPK49P+5z6M2dDBHca0k+sXFe2KHHTJK3P+YXp6QOTHv5CHxNdaW8GrFF34Eh1FJ56Q2ADe383+FEAp6Q==",
        "dependencies": {
          "Grpc.Net.Client": "2.32.0",
          "Microsoft.Extensions.Http": "3.0.3"
        }
      },
      "Grpc.Net.Common": {
        "type": "Transitive",
        "resolved": "2.32.0",
        "contentHash": "vDsgy6fs+DlsylppjK9FBGTMMUe8vfAmaURV7ZTurM27itr8qBwymgqmwnVB2hcP1q35NqKx2NvPGe5S2IEnDw==",
        "dependencies": {
          "Grpc.Core.Api": "2.32.0"
        }
      },
      "Grpc.Tools": {
        "type": "Transitive",
        "resolved": "2.32.0",
        "contentHash": "phODsWXk5K0fnCxPA5r2sINMUusNnWnceFExqVI1CR2HhkdzECZjKMYtzUZRktNl1zUkBON0kR/JHK7xcBw0gA=="
      },
      "Microsoft.AspNetCore.Hosting.Abstractions": {
        "type": "Transitive",
        "resolved": "2.1.1",
        "contentHash": "76cKcp2pWhvdV2TXTqMg/DyW7N6cDzTEhtL8vVWFShQN+Ylwv3eO/vUQr2BS3Hz4IZHEpL+FOo2T+MtymHDqDQ==",
        "dependencies": {
          "Microsoft.AspNetCore.Hosting.Server.Abstractions": "2.1.1",
          "Microsoft.AspNetCore.Http.Abstractions": "2.1.1",
          "Microsoft.Extensions.Hosting.Abstractions": "2.1.1"
        }
      },
      "Microsoft.AspNetCore.Hosting.Server.Abstractions": {
        "type": "Transitive",
        "resolved": "2.1.1",
        "contentHash": "+vD7HJYzAXNq17t+NgRkpS38cxuAyOBu8ixruOiA3nWsybozolUdALWiZ5QFtGRzajSLPFA2YsbO3NPcqoUwcw==",
        "dependencies": {
          "Microsoft.AspNetCore.Http.Features": "2.1.1",
          "Microsoft.Extensions.Configuration.Abstractions": "2.1.1"
        }
      },
      "Microsoft.AspNetCore.Http": {
        "type": "Transitive",
        "resolved": "2.1.1",
        "contentHash": "pPDcCW8spnyibK3krpxrOpaFHf5fjV6k1Hsl6gfh77N/8gRYlLU7MOQDUnjpEwdlHmtxwJKQJNxZqVQOmJGRUw==",
        "dependencies": {
          "Microsoft.AspNetCore.Http.Abstractions": "2.1.1",
          "Microsoft.AspNetCore.WebUtilities": "2.1.1",
          "Microsoft.Extensions.ObjectPool": "2.1.1",
          "Microsoft.Extensions.Options": "2.1.1",
          "Microsoft.Net.Http.Headers": "2.1.1"
        }
      },
      "Microsoft.AspNetCore.Http.Abstractions": {
        "type": "Transitive",
        "resolved": "2.1.1",
        "contentHash": "kQUEVOU4loc8CPSb2WoHFTESqwIa8Ik7ysCBfTwzHAd0moWovc9JQLmhDIHlYLjHbyexqZAlkq/FPRUZqokebw==",
        "dependencies": {
          "Microsoft.AspNetCore.Http.Features": "2.1.1",
          "System.Text.Encodings.Web": "4.5.0"
        }
      },
      "Microsoft.AspNetCore.Http.Extensions": {
        "type": "Transitive",
        "resolved": "2.1.1",
        "contentHash": "ncAgV+cqsWSqjLXFUTyObGh4Tr7ShYYs3uW8Q/YpRwZn7eLV7dux5Z6GLY+rsdzmIHiia3Q2NWbLULQi7aziHw==",
        "dependencies": {
          "Microsoft.AspNetCore.Http.Abstractions": "2.1.1",
          "Microsoft.Extensions.FileProviders.Abstractions": "2.1.1",
          "Microsoft.Net.Http.Headers": "2.1.1",
          "System.Buffers": "4.5.0"
        }
      },
      "Microsoft.AspNetCore.Http.Features": {
        "type": "Transitive",
        "resolved": "2.1.1",
        "contentHash": "VklZ7hWgSvHBcDtwYYkdMdI/adlf7ebxTZ9kdzAhX+gUs5jSHE9mZlTamdgf9miSsxc1QjNazHXTDJdVPZKKTw==",
        "dependencies": {
          "Microsoft.Extensions.Primitives": "2.1.1"
        }
      },
      "Microsoft.AspNetCore.JsonPatch": {
        "type": "Transitive",
        "resolved": "5.0.5",
        "contentHash": "ViYrCnQFWP3BHVyq73YYe7OijodEp0qBt3l0H3tQtdGB83fb/uEBPGXGrSvfCLkLJPa/Rk4/ZH3oEQcQao2VUg==",
        "dependencies": {
          "Microsoft.CSharp": "4.7.0",
          "Newtonsoft.Json": "12.0.2"
        }
      },
      "Microsoft.AspNetCore.WebUtilities": {
        "type": "Transitive",
        "resolved": "2.1.1",
        "contentHash": "PGKIZt4+412Z/XPoSjvYu/QIbTxcAQuEFNoA1Pw8a9mgmO0ZhNBmfaNyhgXFf7Rq62kP0tT/2WXpxdcQhkFUPA==",
        "dependencies": {
          "Microsoft.Net.Http.Headers": "2.1.1",
          "System.Text.Encodings.Web": "4.5.0"
        }
      },
      "Microsoft.Bcl.AsyncInterfaces": {
        "type": "Transitive",
        "resolved": "1.0.0",
        "contentHash": "K63Y4hORbBcKLWH5wnKgzyn7TOfYzevIEwIedQHBIkmkEBA9SCqgvom+XTuE+fAFGvINGkhFItaZ2dvMGdT5iw=="
      },
      "Microsoft.CSharp": {
        "type": "Transitive",
        "resolved": "4.7.0",
        "contentHash": "pTj+D3uJWyN3My70i2Hqo+OXixq3Os2D1nJ2x92FFo6sk8fYS1m1WLNTs0Dc1uPaViH0YvEEwvzddQ7y4rhXmA=="
      },
      "Microsoft.Extensions.Configuration": {
        "type": "Transitive",
        "resolved": "3.0.3",
        "contentHash": "0F/MLd7yOSjhswQSFO6tkTREHxBffE/AS9gnvtx1jVFaKNdJPEj+2KOdREmYZ4Orpvf4nwXGwbRpX5SLlwIPEw==",
        "dependencies": {
          "Microsoft.Extensions.Configuration.Abstractions": "3.0.3"
        }
      },
      "Microsoft.Extensions.Configuration.Abstractions": {
        "type": "Transitive",
        "resolved": "3.0.3",
        "contentHash": "ND+ka7njp3HgVJCVn0YgpuxbFWBOCkcQaK+UBGJNseDhjz6I/qpXmCqLK+nXSzxU7cdscFWnUJS6wjEEEkMvSQ==",
        "dependencies": {
          "Microsoft.Extensions.Primitives": "3.0.3"
        }
      },
      "Microsoft.Extensions.Configuration.Binder": {
        "type": "Transitive",
        "resolved": "3.0.3",
        "contentHash": "hRmuReZgWqWqko4RXaGd/DP9L7380+HafHgbR5CMc7AZYmoLpUmeV8O8sgZqJONCbzg1q0Sz8U8Gy99eETpGPA==",
        "dependencies": {
          "Microsoft.Extensions.Configuration": "3.0.3"
        }
      },
      "Microsoft.Extensions.DependencyInjection": {
        "type": "Transitive",
        "resolved": "3.0.3",
        "contentHash": "Vu59TuHl3zoRI8vwK6gQL2EbWI2Qf/uBHFkSJXb4pgNvW7g8yK6Gn3v1bXDIKbMKEneTApriHfCVde0O314K+g==",
        "dependencies": {
          "Microsoft.Extensions.DependencyInjection.Abstractions": "3.0.3"
        }
      },
      "Microsoft.Extensions.DependencyInjection.Abstractions": {
        "type": "Transitive",
        "resolved": "3.0.3",
        "contentHash": "Wb1ejBzHhCvp7VMr+M7vlHoXb68mJ89IHj4L+TzL8yA+X7Iz2UTAEkl8aIbhRloroYJw5zvlIPtKF5uA4wFlxw=="
      },
      "Microsoft.Extensions.FileProviders.Abstractions": {
        "type": "Transitive",
        "resolved": "2.1.1",
        "contentHash": "UEQB5/QPuLYaCvScZQ9llhcks5xyEUKh41D615FoehRAF9UgGVmXHcCSOH8idHHLRoKm+OJJjEy1oywvuaL33w==",
        "dependencies": {
          "Microsoft.Extensions.Primitives": "2.1.1"
        }
      },
      "Microsoft.Extensions.Hosting.Abstractions": {
        "type": "Transitive",
        "resolved": "2.1.1",
        "contentHash": "kVVdHnOFJbcXxgZzrT6nwkrWZTHL+47LT59S9J2Jp0BNO3EQWNEZHUUZMb/kKFV7LtW+bp+EuAOPNUqEcqI++Q==",
        "dependencies": {
          "Microsoft.Extensions.Configuration.Abstractions": "2.1.1",
          "Microsoft.Extensions.DependencyInjection.Abstractions": "2.1.1",
          "Microsoft.Extensions.FileProviders.Abstractions": "2.1.1",
          "Microsoft.Extensions.Logging.Abstractions": "2.1.1"
        }
      },
      "Microsoft.Extensions.Http": {
        "type": "Transitive",
        "resolved": "3.0.3",
        "contentHash": "dcyB8szIcSynjVZRuFgqkZpPgTc5zeRSj1HMXSmNqWbHYKiPYJl8ZQgBHz6wmZNSUUNGpCs5uxUg8DZHHDC1Ew==",
        "dependencies": {
          "Microsoft.Extensions.DependencyInjection.Abstractions": "3.0.3",
          "Microsoft.Extensions.Logging": "3.0.3",
          "Microsoft.Extensions.Options": "3.0.3"
        }
      },
      "Microsoft.Extensions.Logging": {
        "type": "Transitive",
        "resolved": "3.0.3",
        "contentHash": "uAZppu6kWIgS+VtVjqmhh+k3bMztwWQR5HYxI++Cn5Kz5m099g0KJ+krUrckaZP9NqIplQu63tPR5YpNWnjLuw==",
        "dependencies": {
          "Microsoft.Extensions.Configuration.Binder": "3.0.3",
          "Microsoft.Extensions.DependencyInjection": "3.0.3",
          "Microsoft.Extensions.Logging.Abstractions": "3.0.3",
          "Microsoft.Extensions.Options": "3.0.3"
        }
      },
      "Microsoft.Extensions.Logging.Abstractions": {
        "type": "Transitive",
        "resolved": "3.0.3",
        "contentHash": "m2Jyi/MEn043WMI1I6J1ALuCThktZ93rd7eqzYeLmMcA0bdZC+TBVl0LuEbEWM01dWeeBjOoagjNwQTzOi2r6A=="
      },
      "Microsoft.Extensions.ObjectPool": {
        "type": "Transitive",
        "resolved": "2.1.1",
        "contentHash": "SErON45qh4ogDp6lr6UvVmFYW0FERihW+IQ+2JyFv1PUyWktcJytFaWH5zarufJvZwhci7Rf1IyGXr9pVEadTw=="
      },
      "Microsoft.Extensions.Options": {
        "type": "Transitive",
        "resolved": "3.0.3",
        "contentHash": "cvP/w0kyT9TmrDPMY2ZHJBWx+gRH0jHKaJPkzN47UBpLLC4KbqVU5AoCMK47+ZChlINhqJX2WTflbLe5KufD/A==",
        "dependencies": {
          "Microsoft.Extensions.DependencyInjection.Abstractions": "3.0.3",
          "Microsoft.Extensions.Primitives": "3.0.3"
        }
      },
      "Microsoft.Extensions.Primitives": {
        "type": "Transitive",
        "resolved": "3.0.3",
        "contentHash": "eJuAFVIH9zUZ7j7tCSbJD+tS0dueENIerwoGxFL8RYqCmbEqQ7wVOG+mt2mZAbEpnMPsGl1Fc/HIhWpB9ftwhg=="
      },
      "Microsoft.Net.Http.Headers": {
        "type": "Transitive",
        "resolved": "2.1.1",
        "contentHash": "lPNIphl8b2EuhOE9dMH6EZDmu7pS882O+HMi5BJNsigxHaWlBrYxZHFZgE18cyaPp6SSZcTkKkuzfjV/RRQKlA==",
        "dependencies": {
          "Microsoft.Extensions.Primitives": "2.1.1",
          "System.Buffers": "4.5.0"
        }
      },
      "Microsoft.NETCore.Platforms": {
        "type": "Transitive",
        "resolved": "5.0.0",
        "contentHash": "VyPlqzH2wavqquTcYpkIIAQ6WdenuKoFN0BdYBbCWsclXacSOHNQn66Gt4z5NBqEYW0FAPm5rlvki9ZiCij5xQ=="
      },
      "Microsoft.NETCore.Targets": {
        "type": "Transitive",
        "resolved": "1.1.0",
        "contentHash": "aOZA3BWfz9RXjpzt0sRJJMjAscAUm3Hoa4UWAfceV9UTYxgwZ1lZt5nO2myFf+/jetYQo4uTP7zS8sJY67BBxg=="
      },
      "Microsoft.Win32.Registry": {
        "type": "Transitive",
        "resolved": "4.7.0",
        "contentHash": "KSrRMb5vNi0CWSGG1++id2ZOs/1QhRqROt+qgbEAdQuGjGrFcl4AOl4/exGPUYz2wUnU42nvJqon1T3U0kPXLA==",
        "dependencies": {
          "System.Security.AccessControl": "4.7.0",
          "System.Security.Principal.Windows": "4.7.0"
        }
      },
      "Microsoft.Win32.SystemEvents": {
        "type": "Transitive",
        "resolved": "5.0.0",
        "contentHash": "Bh6blKG8VAKvXiLe2L+sEsn62nc1Ij34MrNxepD2OCrS5cpCwQa9MeLyhVQPQ/R4Wlzwuy6wMK8hLb11QPDRsQ==",
        "dependencies": {
          "Microsoft.NETCore.Platforms": "5.0.0"
        }
      },
      "Newtonsoft.Json": {
        "type": "Transitive",
        "resolved": "12.0.3",
        "contentHash": "6mgjfnRB4jKMlzHSl+VD+oUc1IebOZabkbyWj2RiTgWwYPPuaK1H97G1sHqGwPlS5npiF5Q0OrxN1wni2n5QWg=="
      },
      "Newtonsoft.Json.Bson": {
        "type": "Transitive",
        "resolved": "1.0.2",
        "contentHash": "QYFyxhaABwmq3p/21VrZNYvCg3DaEoN/wUuw5nmfAf0X3HLjgupwhkEWdgfb9nvGAUIv3osmZoD3kKl4jxEmYQ==",
        "dependencies": {
          "Newtonsoft.Json": "12.0.1"
        }
      },
      "PagedList.Core": {
        "type": "Transitive",
        "resolved": "1.17.4",
        "contentHash": "Me111vdmlPp4GGeHqvNlnv4Raq1f1F77fDsJebuKsHCZXG4v4kMDzd5h1YVDv/Q7q9DuVgueR9mxp7eO7Yj4LA=="
      },
      "runtime.native.System": {
        "type": "Transitive",
        "resolved": "4.3.0",
        "contentHash": "c/qWt2LieNZIj1jGnVNsE2Kl23Ya2aSTBuXMD6V7k9KWr6l16Tqdwq+hJScEpWER9753NWC8h96PaVNY5Ld7Jw==",
        "dependencies": {
          "Microsoft.NETCore.Platforms": "1.1.0",
          "Microsoft.NETCore.Targets": "1.1.0"
        }
      },
      "runtime.native.System.Data.SqlClient.sni": {
        "type": "Transitive",
        "resolved": "4.7.0",
        "contentHash": "9kyFSIdN3T0qjDQ2R0HRXYIhS3l5psBzQi6qqhdLz+SzFyEy4sVxNOke+yyYv8Cu8rPER12c3RDjLT8wF3WBYQ==",
        "dependencies": {
          "runtime.win-arm64.runtime.native.System.Data.SqlClient.sni": "4.4.0",
          "runtime.win-x64.runtime.native.System.Data.SqlClient.sni": "4.4.0",
          "runtime.win-x86.runtime.native.System.Data.SqlClient.sni": "4.4.0"
        }
      },
      "runtime.native.System.IO.Compression": {
        "type": "Transitive",
        "resolved": "4.3.0",
        "contentHash": "INBPonS5QPEgn7naufQFXJEp3zX6L4bwHgJ/ZH78aBTpeNfQMtf7C6VrAFhlq2xxWBveIOWyFzQjJ8XzHMhdOQ==",
        "dependencies": {
          "Microsoft.NETCore.Platforms": "1.1.0",
          "Microsoft.NETCore.Targets": "1.1.0"
        }
      },
      "runtime.win-arm64.runtime.native.System.Data.SqlClient.sni": {
        "type": "Transitive",
        "resolved": "4.4.0",
        "contentHash": "LbrynESTp3bm5O/+jGL8v0Qg5SJlTV08lpIpFesXjF6uGNMWqFnUQbYBJwZTeua6E/Y7FIM1C54Ey1btLWupdg=="
      },
      "runtime.win-x64.runtime.native.System.Data.SqlClient.sni": {
        "type": "Transitive",
        "resolved": "4.4.0",
        "contentHash": "38ugOfkYJqJoX9g6EYRlZB5U2ZJH51UP8ptxZgdpS07FgOEToV+lS11ouNK2PM12Pr6X/PpT5jK82G3DwH/SxQ=="
      },
      "runtime.win-x86.runtime.native.System.Data.SqlClient.sni": {
        "type": "Transitive",
        "resolved": "4.4.0",
        "contentHash": "YhEdSQUsTx+C8m8Bw7ar5/VesXvCFMItyZF7G1AUY+OM0VPZUOeAVpJ4Wl6fydBGUYZxojTDR3I6Bj/+BPkJNA=="
      },
      "System.Buffers": {
        "type": "Transitive",
        "resolved": "4.5.0",
        "contentHash": "pL2ChpaRRWI/p4LXyy4RgeWlYF2sgfj/pnVMvBqwNFr5cXg7CXNnWZWxrOONLg8VGdFB8oB+EG2Qw4MLgTOe+A=="
      },
      "System.CodeDom": {
        "type": "Transitive",
        "resolved": "4.7.0",
        "contentHash": "Hs9pw/kmvH3lXaZ1LFKj3pLQsiGfj2xo3sxSzwiLlRL6UcMZUTeCfoJ9Udalvn3yq5dLlPEZzYegrTQ1/LhPOQ=="
      },
      "System.Collections": {
        "type": "Transitive",
        "resolved": "4.3.0",
        "contentHash": "3Dcj85/TBdVpL5Zr+gEEBUuFe2icOnLalmEh9hfck1PTYbbyWuZgh4fmm2ysCLTrqLQw6t3TgTyJ+VLp+Qb+Lw==",
        "dependencies": {
          "Microsoft.NETCore.Platforms": "1.1.0",
          "Microsoft.NETCore.Targets": "1.1.0",
          "System.Runtime": "4.3.0"
        }
      },
      "System.Collections.Immutable": {
        "type": "Transitive",
        "resolved": "1.3.0",
        "contentHash": "zukBRPUuNxwy9m4TGWLxKAnoiMc9+B+8VXeXVyPiBPvOd7yLgAlZ1DlsRWJjMx4VsvhhF2+6q6kO2GRbPja6hA==",
        "dependencies": {
          "System.Collections": "4.3.0",
          "System.Diagnostics.Debug": "4.3.0",
          "System.Globalization": "4.3.0",
          "System.Linq": "4.3.0",
          "System.Resources.ResourceManager": "4.3.0",
          "System.Runtime": "4.3.0",
          "System.Runtime.Extensions": "4.3.0",
          "System.Threading": "4.3.0"
        }
      },
      "System.Data.SqlClient": {
        "type": "Transitive",
        "resolved": "4.8.1",
        "contentHash": "HKLykcv6eZLbLnSMnlQ6Os4+UAmFE+AgYm92CTvJYeTOBtOYusX3qu8OoGhFrnKZax91UcLcDo5vPrqvJUTSNQ==",
        "dependencies": {
          "Microsoft.Win32.Registry": "4.7.0",
          "System.Security.Principal.Windows": "4.7.0",
          "runtime.native.System.Data.SqlClient.sni": "4.7.0"
        }
      },
      "System.Diagnostics.Debug": {
        "type": "Transitive",
        "resolved": "4.3.0",
        "contentHash": "ZUhUOdqmaG5Jk3Xdb8xi5kIyQYAA4PnTNlHx1mu9ZY3qv4ELIdKbnL/akbGaKi2RnNUWaZsAs31rvzFdewTj2g==",
        "dependencies": {
          "Microsoft.NETCore.Platforms": "1.1.0",
          "Microsoft.NETCore.Targets": "1.1.0",
          "System.Runtime": "4.3.0"
        }
      },
      "System.Diagnostics.DiagnosticSource": {
        "type": "Transitive",
        "resolved": "4.5.1",
        "contentHash": "zCno/m44ymWhgLFh7tELDG9587q0l/EynPM0m4KgLaWQbz/TEKvNRX2YT5ip2qXW/uayifQ2ZqbnErsKJ4lYrQ=="
      },
      "System.Diagnostics.StackTrace": {
        "type": "Transitive",
        "resolved": "4.3.0",
        "contentHash": "BiHg0vgtd35/DM9jvtaC1eKRpWZxr0gcQd643ABG7GnvSlf5pOkY2uyd42mMOJoOmKvnpNj0F4tuoS1pacTwYw==",
        "dependencies": {
          "System.IO.FileSystem": "4.3.0",
          "System.Reflection": "4.3.0",
          "System.Reflection.Metadata": "1.4.1",
          "System.Runtime": "4.3.0"
        }
      },
      "System.Drawing.Common": {
        "type": "Transitive",
        "resolved": "5.0.0",
        "contentHash": "SztFwAnpfKC8+sEKXAFxCBWhKQaEd97EiOL7oZJZP56zbqnLpmxACWA8aGseaUExciuEAUuR9dY8f7HkTRAdnw==",
        "dependencies": {
          "Microsoft.Win32.SystemEvents": "5.0.0"
        }
      },
      "System.Globalization": {
        "type": "Transitive",
        "resolved": "4.3.0",
        "contentHash": "kYdVd2f2PAdFGblzFswE4hkNANJBKRmsfa2X5LG2AcWE1c7/4t0pYae1L8vfZ5xvE2nK/R9JprtToA61OSHWIg==",
        "dependencies": {
          "Microsoft.NETCore.Platforms": "1.1.0",
          "Microsoft.NETCore.Targets": "1.1.0",
          "System.Runtime": "4.3.0"
        }
      },
      "System.IO": {
        "type": "Transitive",
        "resolved": "4.3.0",
        "contentHash": "3qjaHvxQPDpSOYICjUoTsmoq5u6QJAFRUITgeT/4gqkF1bajbSmb1kwSxEA8AHlofqgcKJcM8udgieRNhaJ5Cg==",
        "dependencies": {
          "Microsoft.NETCore.Platforms": "1.1.0",
          "Microsoft.NETCore.Targets": "1.1.0",
          "System.Runtime": "4.3.0",
          "System.Text.Encoding": "4.3.0",
          "System.Threading.Tasks": "4.3.0"
        }
      },
      "System.IO.Compression": {
        "type": "Transitive",
        "resolved": "4.3.0",
        "contentHash": "YHndyoiV90iu4iKG115ibkhrG+S3jBm8Ap9OwoUAzO5oPDAWcr0SFwQFm0HjM8WkEZWo0zvLTyLmbvTkW1bXgg==",
        "dependencies": {
          "Microsoft.NETCore.Platforms": "1.1.0",
          "System.Buffers": "4.3.0",
          "System.Collections": "4.3.0",
          "System.Diagnostics.Debug": "4.3.0",
          "System.IO": "4.3.0",
          "System.Resources.ResourceManager": "4.3.0",
          "System.Runtime": "4.3.0",
          "System.Runtime.Extensions": "4.3.0",
          "System.Runtime.Handles": "4.3.0",
          "System.Runtime.InteropServices": "4.3.0",
          "System.Text.Encoding": "4.3.0",
          "System.Threading": "4.3.0",
          "System.Threading.Tasks": "4.3.0",
          "runtime.native.System": "4.3.0",
          "runtime.native.System.IO.Compression": "4.3.0"
        }
      },
      "System.IO.FileSystem": {
        "type": "Transitive",
        "resolved": "4.3.0",
        "contentHash": "3wEMARTnuio+ulnvi+hkRNROYwa1kylvYahhcLk4HSoVdl+xxTFVeVlYOfLwrDPImGls0mDqbMhrza8qnWPTdA==",
        "dependencies": {
          "Microsoft.NETCore.Platforms": "1.1.0",
          "Microsoft.NETCore.Targets": "1.1.0",
          "System.IO": "4.3.0",
          "System.IO.FileSystem.Primitives": "4.3.0",
          "System.Runtime": "4.3.0",
          "System.Runtime.Handles": "4.3.0",
          "System.Text.Encoding": "4.3.0",
          "System.Threading.Tasks": "4.3.0"
        }
      },
      "System.IO.FileSystem.Primitives": {
        "type": "Transitive",
        "resolved": "4.3.0",
        "contentHash": "6QOb2XFLch7bEc4lIcJH49nJN2HV+OC3fHDgsLVsBVBk3Y4hFAnOBGzJ2lUu7CyDDFo9IBWkSsnbkT6IBwwiMw==",
        "dependencies": {
          "System.Runtime": "4.3.0"
        }
      },
      "System.Linq": {
        "type": "Transitive",
        "resolved": "4.3.0",
        "contentHash": "5DbqIUpsDp0dFftytzuMmc0oeMdQwjcP/EWxsksIz/w1TcFRkZ3yKKz0PqiYFMmEwPSWw+qNVqD7PJ889JzHbw==",
        "dependencies": {
          "System.Collections": "4.3.0",
          "System.Diagnostics.Debug": "4.3.0",
          "System.Resources.ResourceManager": "4.3.0",
          "System.Runtime": "4.3.0",
          "System.Runtime.Extensions": "4.3.0"
        }
      },
      "System.Memory": {
        "type": "Transitive",
        "resolved": "4.5.3",
        "contentHash": "3oDzvc/zzetpTKWMShs1AADwZjQ/36HnsufHRPcOjyRAAMLDlu2iD33MBI2opxnezcVUtXyqDXXjoFMOU9c7SA=="
      },
      "System.Reflection": {
        "type": "Transitive",
        "resolved": "4.3.0",
        "contentHash": "KMiAFoW7MfJGa9nDFNcfu+FpEdiHpWgTcS2HdMpDvt9saK3y/G4GwprPyzqjFH9NTaGPQeWNHU+iDlDILj96aQ==",
        "dependencies": {
          "Microsoft.NETCore.Platforms": "1.1.0",
          "Microsoft.NETCore.Targets": "1.1.0",
          "System.IO": "4.3.0",
          "System.Reflection.Primitives": "4.3.0",
          "System.Runtime": "4.3.0"
        }
      },
      "System.Reflection.Extensions": {
        "type": "Transitive",
        "resolved": "4.3.0",
        "contentHash": "rJkrJD3kBI5B712aRu4DpSIiHRtr6QlfZSQsb0hYHrDCZORXCFjQfoipo2LaMUHoT9i1B7j7MnfaEKWDFmFQNQ==",
        "dependencies": {
          "Microsoft.NETCore.Platforms": "1.1.0",
          "Microsoft.NETCore.Targets": "1.1.0",
          "System.Reflection": "4.3.0",
          "System.Runtime": "4.3.0"
        }
      },
      "System.Reflection.Metadata": {
        "type": "Transitive",
        "resolved": "1.4.1",
        "contentHash": "tc2ZyJgweHCLci5oQGuhQn9TD0Ii9DReXkHtZm3aAGp8xe40rpRjiTbMXOtZU+fr0BOQ46goE9+qIqRGjR9wGg==",
        "dependencies": {
          "System.Collections": "4.3.0",
          "System.Collections.Immutable": "1.3.0",
          "System.Diagnostics.Debug": "4.3.0",
          "System.IO": "4.3.0",
          "System.IO.Compression": "4.3.0",
          "System.Linq": "4.3.0",
          "System.Reflection": "4.3.0",
          "System.Reflection.Extensions": "4.3.0",
          "System.Reflection.Primitives": "4.3.0",
          "System.Resources.ResourceManager": "4.3.0",
          "System.Runtime": "4.3.0",
          "System.Runtime.Extensions": "4.3.0",
          "System.Runtime.InteropServices": "4.3.0",
          "System.Text.Encoding": "4.3.0",
          "System.Text.Encoding.Extensions": "4.3.0",
          "System.Threading": "4.3.0"
        }
      },
      "System.Reflection.Primitives": {
        "type": "Transitive",
        "resolved": "4.3.0",
        "contentHash": "5RXItQz5As4xN2/YUDxdpsEkMhvw3e6aNveFXUn4Hl/udNTCNhnKp8lT9fnc3MhvGKh1baak5CovpuQUXHAlIA==",
        "dependencies": {
          "Microsoft.NETCore.Platforms": "1.1.0",
          "Microsoft.NETCore.Targets": "1.1.0",
          "System.Runtime": "4.3.0"
        }
      },
      "System.Resources.ResourceManager": {
        "type": "Transitive",
        "resolved": "4.3.0",
        "contentHash": "/zrcPkkWdZmI4F92gL/TPumP98AVDu/Wxr3CSJGQQ+XN6wbRZcyfSKVoPo17ilb3iOr0cCRqJInGwNMolqhS8A==",
        "dependencies": {
          "Microsoft.NETCore.Platforms": "1.1.0",
          "Microsoft.NETCore.Targets": "1.1.0",
          "System.Globalization": "4.3.0",
          "System.Reflection": "4.3.0",
          "System.Runtime": "4.3.0"
        }
      },
      "System.Runtime": {
        "type": "Transitive",
        "resolved": "4.3.0",
        "contentHash": "JufQi0vPQ0xGnAczR13AUFglDyVYt4Kqnz1AZaiKZ5+GICq0/1MH/mO/eAJHt/mHW1zjKBJd7kV26SrxddAhiw==",
        "dependencies": {
          "Microsoft.NETCore.Platforms": "1.1.0",
          "Microsoft.NETCore.Targets": "1.1.0"
        }
      },
      "System.Runtime.CompilerServices.Unsafe": {
        "type": "Transitive",
        "resolved": "4.5.2",
        "contentHash": "wprSFgext8cwqymChhrBLu62LMg/1u92bU+VOwyfBimSPVFXtsNqEWC92Pf9ofzJFlk4IHmJA75EDJn1b2goAQ=="
      },
      "System.Runtime.Extensions": {
        "type": "Transitive",
        "resolved": "4.3.0",
        "contentHash": "guW0uK0fn5fcJJ1tJVXYd7/1h5F+pea1r7FLSOz/f8vPEqbR2ZAknuRDvTQ8PzAilDveOxNjSfr0CHfIQfFk8g==",
        "dependencies": {
          "Microsoft.NETCore.Platforms": "1.1.0",
          "Microsoft.NETCore.Targets": "1.1.0",
          "System.Runtime": "4.3.0"
        }
      },
      "System.Runtime.Handles": {
        "type": "Transitive",
        "resolved": "4.3.0",
        "contentHash": "OKiSUN7DmTWeYb3l51A7EYaeNMnvxwE249YtZz7yooT4gOZhmTjIn48KgSsw2k2lYdLgTKNJw/ZIfSElwDRVgg==",
        "dependencies": {
          "Microsoft.NETCore.Platforms": "1.1.0",
          "Microsoft.NETCore.Targets": "1.1.0",
          "System.Runtime": "4.3.0"
        }
      },
      "System.Runtime.InteropServices": {
        "type": "Transitive",
        "resolved": "4.3.0",
        "contentHash": "uv1ynXqiMK8mp1GM3jDqPCFN66eJ5w5XNomaK2XD+TuCroNTLFGeZ+WCmBMcBDyTFKou3P6cR6J/QsaqDp7fGQ==",
        "dependencies": {
          "Microsoft.NETCore.Platforms": "1.1.0",
          "Microsoft.NETCore.Targets": "1.1.0",
          "System.Reflection": "4.3.0",
          "System.Reflection.Primitives": "4.3.0",
          "System.Runtime": "4.3.0",
          "System.Runtime.Handles": "4.3.0"
        }
      },
      "System.Security.AccessControl": {
        "type": "Transitive",
        "resolved": "5.0.0",
        "contentHash": "dagJ1mHZO3Ani8GH0PHpPEe/oYO+rVdbQjvjJkBRNQkX4t0r1iaeGn8+/ybkSLEan3/slM0t59SVdHzuHf2jmw==",
        "dependencies": {
          "Microsoft.NETCore.Platforms": "5.0.0",
          "System.Security.Principal.Windows": "5.0.0"
        }
      },
      "System.Security.Cryptography.ProtectedData": {
        "type": "Transitive",
        "resolved": "5.0.0",
        "contentHash": "HGxMSAFAPLNoxBvSfW08vHde0F9uh7BjASwu6JF9JnXuEPhCY3YUqURn0+bQV/4UWeaqymmrHWV+Aw9riQCtCA=="
      },
      "System.Security.Permissions": {
        "type": "Transitive",
        "resolved": "5.0.0",
        "contentHash": "uE8juAhEkp7KDBCdjDIE3H9R1HJuEHqeqX8nLX9gmYKWwsqk3T5qZlPx8qle5DPKimC/Fy3AFTdV7HamgCh9qQ==",
        "dependencies": {
          "System.Security.AccessControl": "5.0.0",
          "System.Windows.Extensions": "5.0.0"
        }
      },
      "System.Security.Principal.Windows": {
        "type": "Transitive",
        "resolved": "5.0.0",
        "contentHash": "t0MGLukB5WAVU9bO3MGzvlGnyJPgUlcwerXn1kzBRjwLKixT96XV0Uza41W49gVd8zEMFu9vQEFlv0IOrytICA=="
      },
      "System.Text.Encoding": {
        "type": "Transitive",
        "resolved": "4.3.0",
        "contentHash": "BiIg+KWaSDOITze6jGQynxg64naAPtqGHBwDrLaCtixsa5bKiR8dpPOHA7ge3C0JJQizJE+sfkz1wV+BAKAYZw==",
        "dependencies": {
          "Microsoft.NETCore.Platforms": "1.1.0",
          "Microsoft.NETCore.Targets": "1.1.0",
          "System.Runtime": "4.3.0"
        }
      },
      "System.Text.Encoding.Extensions": {
        "type": "Transitive",
        "resolved": "4.3.0",
        "contentHash": "YVMK0Bt/A43RmwizJoZ22ei2nmrhobgeiYwFzC4YAN+nue8RF6djXDMog0UCn+brerQoYVyaS+ghy9P/MUVcmw==",
        "dependencies": {
          "Microsoft.NETCore.Platforms": "1.1.0",
          "Microsoft.NETCore.Targets": "1.1.0",
          "System.Runtime": "4.3.0",
          "System.Text.Encoding": "4.3.0"
        }
      },
      "System.Text.Encodings.Web": {
        "type": "Transitive",
        "resolved": "4.5.0",
        "contentHash": "Xg4G4Indi4dqP1iuAiMSwpiWS54ZghzR644OtsRCm/m/lBMG8dUBhLVN7hLm8NNrNTR+iGbshCPTwrvxZPlm4g=="
      },
      "System.Threading": {
        "type": "Transitive",
        "resolved": "4.3.0",
        "contentHash": "VkUS0kOBcUf3Wwm0TSbrevDDZ6BlM+b/HRiapRFWjM5O0NS0LviG0glKmFK+hhPDd1XFeSdU1GmlLhb2CoVpIw==",
        "dependencies": {
          "System.Runtime": "4.3.0",
          "System.Threading.Tasks": "4.3.0"
        }
      },
      "System.Threading.Tasks": {
        "type": "Transitive",
        "resolved": "4.3.0",
        "contentHash": "LbSxKEdOUhVe8BezB/9uOGGppt+nZf6e1VFyw6v3DN6lqitm0OSn2uXMOdtP0M3W4iMcqcivm2J6UgqiwwnXiA==",
        "dependencies": {
          "Microsoft.NETCore.Platforms": "1.1.0",
          "Microsoft.NETCore.Targets": "1.1.0",
          "System.Runtime": "4.3.0"
        }
      },
      "System.Windows.Extensions": {
        "type": "Transitive",
        "resolved": "5.0.0",
        "contentHash": "c1ho9WU9ZxMZawML+ssPKZfdnrg/OjR3pe0m9v8230z3acqphwvPJqzAkH54xRYm5ntZHGG1EPP3sux9H3qSPg==",
        "dependencies": {
          "System.Drawing.Common": "5.0.0"
        }
      }
    }
  }
}
